{
  "version": "5",
  "remote": {
    "https://deno.land/std@0.224.0/fs/_get_file_info_type.ts": "da7bec18a7661dba360a1db475b826b18977582ce6fc9b25f3d4ee0403fe8cbd",
    "https://deno.land/std@0.224.0/fs/ensure_dir.ts": "51a6279016c65d2985f8803c848e2888e206d1b510686a509fa7cc34ce59d29f"
  },
  "workspace": {
    "packageJson": {
      "dependencies": [
        "npm:@types/bun@latest",
        "npm:@ubiquity-dao/permit2-rpc-client@~0.1.2",
        "npm:commander@14",
        "npm:dotenv@^16.5.0",
        "npm:esbuild@0.19",
        "npm:viem@^2.31.2"
      ]
    }
  }
}
